
Microsoft Visual Studio Solution File, Format Version 12.00
# Visual Studio Version 16
VisualStudioVersion = 16.0.30907.101
MinimumVisualStudioVersion = 10.0.40219.1
Project("{2150E333-8FDC-42A3-9474-1A3956D46DE8}") = "Domain", "Domain", "{3BD3B86C-F23A-4E18-AF1C-BF52A057B258}"
EndProject
Project("{2150E333-8FDC-42A3-9474-1A3956D46DE8}") = "Infrastructure", "Infrastructure", "{B968FFDB-A5A6-40AE-90EF-77041C0F777C}"
EndProject
Project("{2150E333-8FDC-42A3-9474-1A3956D46DE8}") = "UI", "UI", "{0313B7B2-388B-4C15-BDBB-CEB8EE617B97}"
EndProject
Project("{9A19103F-16F7-4668-BE54-9A1E7A4F7556}") = "Notepad.Api", "Notepad.Api\Notepad.Api.csproj", "{B85A17CA-25C4-4E35-9AB3-79FF6D976B45}"
EndProject
Project("{9A19103F-16F7-4668-BE54-9A1E7A4F7556}") = "Notepad.Intrastructure.EFCore", "Notepad.Intrastructure.EFCore\Notepad.Intrastructure.EFCore.csproj", "{9E196223-3205-4B18-B30A-3D75D6FE93F9}"
EndProject
Project("{9A19103F-16F7-4668-BE54-9A1E7A4F7556}") = "Notepad.Infrastructure.Dapper", "Notepad.Infrastructure.Dapper\Notepad.Infrastructure.Dapper.csproj", "{75920666-0FBC-4D66-88D5-26DAD5F0B5EC}"
EndProject
Project("{2150E333-8FDC-42A3-9474-1A3956D46DE8}") = "Tests", "Tests", "{FF4F7E76-7627-43BC-A863-B80AB01D2BA5}"
EndProject
Project("{2150E333-8FDC-42A3-9474-1A3956D46DE8}") = "Application", "Application", "{E888BA16-5473-4E59-BFFD-0BF32CB9BD4D}"
EndProject
Project("{9A19103F-16F7-4668-BE54-9A1E7A4F7556}") = "Notepad.Application", "Notepad.Application\Notepad.Application.csproj", "{A9F0D4B8-3118-457E-911C-16C5FA668DDB}"
EndProject
Project("{9A19103F-16F7-4668-BE54-9A1E7A4F7556}") = "Notepad.Domain", "Notepad.Domain\Notepad.Domain.csproj", "{56630777-1202-42FB-8D39-F94F1ADC2F32}"
EndProject
Project("{9A19103F-16F7-4668-BE54-9A1E7A4F7556}") = "Notepad.React", "Notepad.React\Notepad.React.csproj", "{B4F16015-386E-4677-8229-A68139722806}"
EndProject
Project("{FAE04EC0-301F-11D3-BF4B-00C04F79EFBC}") = "Notepad.Tests.Unit", "Notepad.Tests.Unit\Notepad.Tests.Unit.csproj", "{55414706-DBCF-4653-9D9E-E9229FCC476A}"
EndProject
Project("{FAE04EC0-301F-11D3-BF4B-00C04F79EFBC}") = "Notepad.Tests.Integration", "Notepad.Tests.Integration\Notepad.Tests.Integration.csproj", "{9362FE80-24FF-4F3F-A50C-E2B7A202CB8F}"
EndProject
Global
	GlobalSection(SolutionConfigurationPlatforms) = preSolution
		Debug|Any CPU = Debug|Any CPU
		Release|Any CPU = Release|Any CPU
	EndGlobalSection
	GlobalSection(ProjectConfigurationPlatforms) = postSolution
		{B85A17CA-25C4-4E35-9AB3-79FF6D976B45}.Debug|Any CPU.ActiveCfg = Debug|Any CPU
		{B85A17CA-25C4-4E35-9AB3-79FF6D976B45}.Debug|Any CPU.Build.0 = Debug|Any CPU
		{B85A17CA-25C4-4E35-9AB3-79FF6D976B45}.Release|Any CPU.ActiveCfg = Release|Any CPU
		{B85A17CA-25C4-4E35-9AB3-79FF6D976B45}.Release|Any CPU.Build.0 = Release|Any CPU
		{9E196223-3205-4B18-B30A-3D75D6FE93F9}.Debug|Any CPU.ActiveCfg = Debug|Any CPU
		{9E196223-3205-4B18-B30A-3D75D6FE93F9}.Debug|Any CPU.Build.0 = Debug|Any CPU
		{9E196223-3205-4B18-B30A-3D75D6FE93F9}.Release|Any CPU.ActiveCfg = Release|Any CPU
		{9E196223-3205-4B18-B30A-3D75D6FE93F9}.Release|Any CPU.Build.0 = Release|Any CPU
		{75920666-0FBC-4D66-88D5-26DAD5F0B5EC}.Debug|Any CPU.ActiveCfg = Debug|Any CPU
		{75920666-0FBC-4D66-88D5-26DAD5F0B5EC}.Debug|Any CPU.Build.0 = Debug|Any CPU
		{75920666-0FBC-4D66-88D5-26DAD5F0B5EC}.Release|Any CPU.ActiveCfg = Release|Any CPU
		{75920666-0FBC-4D66-88D5-26DAD5F0B5EC}.Release|Any CPU.Build.0 = Release|Any CPU
		{A9F0D4B8-3118-457E-911C-16C5FA668DDB}.Debug|Any CPU.ActiveCfg = Debug|Any CPU
		{A9F0D4B8-3118-457E-911C-16C5FA668DDB}.Debug|Any CPU.Build.0 = Debug|Any CPU
		{A9F0D4B8-3118-457E-911C-16C5FA668DDB}.Release|Any CPU.ActiveCfg = Release|Any CPU
		{A9F0D4B8-3118-457E-911C-16C5FA668DDB}.Release|Any CPU.Build.0 = Release|Any CPU
		{56630777-1202-42FB-8D39-F94F1ADC2F32}.Debug|Any CPU.ActiveCfg = Debug|Any CPU
		{56630777-1202-42FB-8D39-F94F1ADC2F32}.Debug|Any CPU.Build.0 = Debug|Any CPU
		{56630777-1202-42FB-8D39-F94F1ADC2F32}.Release|Any CPU.ActiveCfg = Release|Any CPU
		{56630777-1202-42FB-8D39-F94F1ADC2F32}.Release|Any CPU.Build.0 = Release|Any CPU
		{B4F16015-386E-4677-8229-A68139722806}.Debug|Any CPU.ActiveCfg = Debug|Any CPU
		{B4F16015-386E-4677-8229-A68139722806}.Debug|Any CPU.Build.0 = Debug|Any CPU
		{B4F16015-386E-4677-8229-A68139722806}.Release|Any CPU.ActiveCfg = Release|Any CPU
		{B4F16015-386E-4677-8229-A68139722806}.Release|Any CPU.Build.0 = Release|Any CPU
		{55414706-DBCF-4653-9D9E-E9229FCC476A}.Debug|Any CPU.ActiveCfg = Debug|Any CPU
		{55414706-DBCF-4653-9D9E-E9229FCC476A}.Debug|Any CPU.Build.0 = Debug|Any CPU
		{55414706-DBCF-4653-9D9E-E9229FCC476A}.Release|Any CPU.ActiveCfg = Release|Any CPU
		{55414706-DBCF-4653-9D9E-E9229FCC476A}.Release|Any CPU.Build.0 = Release|Any CPU
		{9362FE80-24FF-4F3F-A50C-E2B7A202CB8F}.Debug|Any CPU.ActiveCfg = Debug|Any CPU
		{9362FE80-24FF-4F3F-A50C-E2B7A202CB8F}.Debug|Any CPU.Build.0 = Debug|Any CPU
		{9362FE80-24FF-4F3F-A50C-E2B7A202CB8F}.Release|Any CPU.ActiveCfg = Release|Any CPU
		{9362FE80-24FF-4F3F-A50C-E2B7A202CB8F}.Release|Any CPU.Build.0 = Release|Any CPU
	EndGlobalSection
	GlobalSection(SolutionProperties) = preSolution
		HideSolutionNode = FALSE
	EndGlobalSection
	GlobalSection(NestedProjects) = preSolution
		{B85A17CA-25C4-4E35-9AB3-79FF6D976B45} = {0313B7B2-388B-4C15-BDBB-CEB8EE617B97}
		{9E196223-3205-4B18-B30A-3D75D6FE93F9} = {B968FFDB-A5A6-40AE-90EF-77041C0F777C}
		{75920666-0FBC-4D66-88D5-26DAD5F0B5EC} = {B968FFDB-A5A6-40AE-90EF-77041C0F777C}
		{A9F0D4B8-3118-457E-911C-16C5FA668DDB} = {E888BA16-5473-4E59-BFFD-0BF32CB9BD4D}
		{56630777-1202-42FB-8D39-F94F1ADC2F32} = {3BD3B86C-F23A-4E18-AF1C-BF52A057B258}
		{B4F16015-386E-4677-8229-A68139722806} = {0313B7B2-388B-4C15-BDBB-CEB8EE617B97}
		{55414706-DBCF-4653-9D9E-E9229FCC476A} = {FF4F7E76-7627-43BC-A863-B80AB01D2BA5}
		{9362FE80-24FF-4F3F-A50C-E2B7A202CB8F} = {FF4F7E76-7627-43BC-A863-B80AB01D2BA5}
	EndGlobalSection
	GlobalSection(ExtensibilityGlobals) = postSolution
		SolutionGuid = {C44670E2-56BD-4A1E-A222-48568E543E09}
	EndGlobalSection
EndGlobal
